
Microsoft Visual Studio Solution File, Format Version 12.00
# Visual Studio 2012
Project("{FAE04EC0-301F-11D3-BF4B-00C04F79EFBC}") = "01.OddOrEvenIntegers", "01.OddOrEvenIntegers\01.OddOrEvenIntegers.csproj", "{51443A1B-6B4E-4BC3-A6C0-E300C65E100B}"
EndProject
Project("{FAE04EC0-301F-11D3-BF4B-00C04F79EFBC}") = "02.GravitationOnMoon", "02.GravitationOnMoon\02.GravitationOnMoon.csproj", "{9D972643-6EDC-4C27-BFA7-5B197395D9F8}"
EndProject
Project("{FAE04EC0-301F-11D3-BF4B-00C04F79EFBC}") = "03.DivideBy7and5", "03.DivideBy7and5\03.DivideBy7and5.csproj", "{B38D31D0-7D50-4F08-B75D-E65054252B67}"
EndProject
Project("{FAE04EC0-301F-11D3-BF4B-00C04F79EFBC}") = "04.Rectangles", "04.Rectangles\04.Rectangles.csproj", "{C7A22F8E-074F-463D-AFF6-D228B1CED027}"
EndProject
Project("{FAE04EC0-301F-11D3-BF4B-00C04F79EFBC}") = "05.ThirdDigitIsSeven", "05.ThirdDigitIsSeven\05.ThirdDigitIsSeven.csproj", "{5897559F-FAAF-4FB8-8CCE-AFD41DB6B6E4}"
EndProject
Project("{FAE04EC0-301F-11D3-BF4B-00C04F79EFBC}") = "06.FourDigitNumber", "06.FourDigitNumber\06.FourDigitNumber.csproj", "{DB1CE10F-49C3-44F2-9EE5-D40220CCC27B}"
EndProject
Project("{FAE04EC0-301F-11D3-BF4B-00C04F79EFBC}") = "07.PointInACircle", "07.PointInACircle\07.PointInACircle.csproj", "{FA23A194-DBC5-43F8-B7A8-44F62A4518CE}"
EndProject
Global
	GlobalSection(SolutionConfigurationPlatforms) = preSolution
		Debug|Any CPU = Debug|Any CPU
		Release|Any CPU = Release|Any CPU
	EndGlobalSection
	GlobalSection(ProjectConfigurationPlatforms) = postSolution
		{51443A1B-6B4E-4BC3-A6C0-E300C65E100B}.Debug|Any CPU.ActiveCfg = Debug|Any CPU
		{51443A1B-6B4E-4BC3-A6C0-E300C65E100B}.Debug|Any CPU.Build.0 = Debug|Any CPU
		{51443A1B-6B4E-4BC3-A6C0-E300C65E100B}.Release|Any CPU.ActiveCfg = Release|Any CPU
		{51443A1B-6B4E-4BC3-A6C0-E300C65E100B}.Release|Any CPU.Build.0 = Release|Any CPU
		{9D972643-6EDC-4C27-BFA7-5B197395D9F8}.Debug|Any CPU.ActiveCfg = Debug|Any CPU
		{9D972643-6EDC-4C27-BFA7-5B197395D9F8}.Debug|Any CPU.Build.0 = Debug|Any CPU
		{9D972643-6EDC-4C27-BFA7-5B197395D9F8}.Release|Any CPU.ActiveCfg = Release|Any CPU
		{9D972643-6EDC-4C27-BFA7-5B197395D9F8}.Release|Any CPU.Build.0 = Release|Any CPU
		{B38D31D0-7D50-4F08-B75D-E65054252B67}.Debug|Any CPU.ActiveCfg = Debug|Any CPU
		{B38D31D0-7D50-4F08-B75D-E65054252B67}.Debug|Any CPU.Build.0 = Debug|Any CPU
		{B38D31D0-7D50-4F08-B75D-E65054252B67}.Release|Any CPU.ActiveCfg = Release|Any CPU
		{B38D31D0-7D50-4F08-B75D-E65054252B67}.Release|Any CPU.Build.0 = Release|Any CPU
		{C7A22F8E-074F-463D-AFF6-D228B1CED027}.Debug|Any CPU.ActiveCfg = Debug|Any CPU
		{C7A22F8E-074F-463D-AFF6-D228B1CED027}.Debug|Any CPU.Build.0 = Debug|Any CPU
		{C7A22F8E-074F-463D-AFF6-D228B1CED027}.Release|Any CPU.ActiveCfg = Release|Any CPU
		{C7A22F8E-074F-463D-AFF6-D228B1CED027}.Release|Any CPU.Build.0 = Release|Any CPU
		{5897559F-FAAF-4FB8-8CCE-AFD41DB6B6E4}.Debug|Any CPU.ActiveCfg = Debug|Any CPU
		{5897559F-FAAF-4FB8-8CCE-AFD41DB6B6E4}.Debug|Any CPU.Build.0 = Debug|Any CPU
		{5897559F-FAAF-4FB8-8CCE-AFD41DB6B6E4}.Release|Any CPU.ActiveCfg = Release|Any CPU
		{5897559F-FAAF-4FB8-8CCE-AFD41DB6B6E4}.Release|Any CPU.Build.0 = Release|Any CPU
		{DB1CE10F-49C3-44F2-9EE5-D40220CCC27B}.Debug|Any CPU.ActiveCfg = Debug|Any CPU
		{DB1CE10F-49C3-44F2-9EE5-D40220CCC27B}.Debug|Any CPU.Build.0 = Debug|Any CPU
		{DB1CE10F-49C3-44F2-9EE5-D40220CCC27B}.Release|Any CPU.ActiveCfg = Release|Any CPU
		{DB1CE10F-49C3-44F2-9EE5-D40220CCC27B}.Release|Any CPU.Build.0 = Release|Any CPU
		{FA23A194-DBC5-43F8-B7A8-44F62A4518CE}.Debug|Any CPU.ActiveCfg = Debug|Any CPU
		{FA23A194-DBC5-43F8-B7A8-44F62A4518CE}.Debug|Any CPU.Build.0 = Debug|Any CPU
		{FA23A194-DBC5-43F8-B7A8-44F62A4518CE}.Release|Any CPU.ActiveCfg = Release|Any CPU
		{FA23A194-DBC5-43F8-B7A8-44F62A4518CE}.Release|Any CPU.Build.0 = Release|Any CPU
	EndGlobalSection
	GlobalSection(SolutionProperties) = preSolution
		HideSolutionNode = FALSE
	EndGlobalSection
EndGlobal
