
Microsoft Visual Studio Solution File, Format Version 12.00
# Visual Studio 2012
Project("{FAE04EC0-301F-11D3-BF4B-00C04F79EFBC}") = "03.Plane", "03.Plane\03.Plane.csproj", "{1E09AB9B-BF2E-49A8-B56F-6AF48A0A0D1B}"
EndProject
Project("{FAE04EC0-301F-11D3-BF4B-00C04F79EFBC}") = "01.Budget", "01.Budget\01.Budget.csproj", "{237C0499-9AAB-40C4-BEF5-060E7855760B}"
EndProject
Project("{FAE04EC0-301F-11D3-BF4B-00C04F79EFBC}") = "02.OddOrEvenCounter", "02.OddOrEvenCounter\02.OddOrEvenCounter.csproj", "{A7524D0A-3438-47A9-9A68-C160BB67B53D}"
EndProject
Project("{FAE04EC0-301F-11D3-BF4B-00C04F79EFBC}") = "04.WeirdCombinations", "04.WeirdCombinations\04.WeirdCombinations.csproj", "{D5A0BFDB-4D27-4A8C-81E5-C60D513C29B6}"
EndProject
Project("{FAE04EC0-301F-11D3-BF4B-00C04F79EFBC}") = "05.BitSwapper", "05.BitSwapper\05.BitSwapper.csproj", "{BF5E6019-5932-4A15-80B6-4E0A8E46EA72}"
EndProject
Project("{FAE04EC0-301F-11D3-BF4B-00C04F79EFBC}") = "test", "test\test.csproj", "{72398240-FF79-4178-BF68-E8A28F77A612}"
EndProject
Global
	GlobalSection(SolutionConfigurationPlatforms) = preSolution
		Debug|Any CPU = Debug|Any CPU
		Release|Any CPU = Release|Any CPU
	EndGlobalSection
	GlobalSection(ProjectConfigurationPlatforms) = postSolution
		{1E09AB9B-BF2E-49A8-B56F-6AF48A0A0D1B}.Debug|Any CPU.ActiveCfg = Debug|Any CPU
		{1E09AB9B-BF2E-49A8-B56F-6AF48A0A0D1B}.Debug|Any CPU.Build.0 = Debug|Any CPU
		{1E09AB9B-BF2E-49A8-B56F-6AF48A0A0D1B}.Release|Any CPU.ActiveCfg = Release|Any CPU
		{1E09AB9B-BF2E-49A8-B56F-6AF48A0A0D1B}.Release|Any CPU.Build.0 = Release|Any CPU
		{237C0499-9AAB-40C4-BEF5-060E7855760B}.Debug|Any CPU.ActiveCfg = Debug|Any CPU
		{237C0499-9AAB-40C4-BEF5-060E7855760B}.Debug|Any CPU.Build.0 = Debug|Any CPU
		{237C0499-9AAB-40C4-BEF5-060E7855760B}.Release|Any CPU.ActiveCfg = Release|Any CPU
		{237C0499-9AAB-40C4-BEF5-060E7855760B}.Release|Any CPU.Build.0 = Release|Any CPU
		{A7524D0A-3438-47A9-9A68-C160BB67B53D}.Debug|Any CPU.ActiveCfg = Debug|Any CPU
		{A7524D0A-3438-47A9-9A68-C160BB67B53D}.Debug|Any CPU.Build.0 = Debug|Any CPU
		{A7524D0A-3438-47A9-9A68-C160BB67B53D}.Release|Any CPU.ActiveCfg = Release|Any CPU
		{A7524D0A-3438-47A9-9A68-C160BB67B53D}.Release|Any CPU.Build.0 = Release|Any CPU
		{D5A0BFDB-4D27-4A8C-81E5-C60D513C29B6}.Debug|Any CPU.ActiveCfg = Debug|Any CPU
		{D5A0BFDB-4D27-4A8C-81E5-C60D513C29B6}.Debug|Any CPU.Build.0 = Debug|Any CPU
		{D5A0BFDB-4D27-4A8C-81E5-C60D513C29B6}.Release|Any CPU.ActiveCfg = Release|Any CPU
		{D5A0BFDB-4D27-4A8C-81E5-C60D513C29B6}.Release|Any CPU.Build.0 = Release|Any CPU
		{BF5E6019-5932-4A15-80B6-4E0A8E46EA72}.Debug|Any CPU.ActiveCfg = Debug|Any CPU
		{BF5E6019-5932-4A15-80B6-4E0A8E46EA72}.Debug|Any CPU.Build.0 = Debug|Any CPU
		{BF5E6019-5932-4A15-80B6-4E0A8E46EA72}.Release|Any CPU.ActiveCfg = Release|Any CPU
		{BF5E6019-5932-4A15-80B6-4E0A8E46EA72}.Release|Any CPU.Build.0 = Release|Any CPU
		{72398240-FF79-4178-BF68-E8A28F77A612}.Debug|Any CPU.ActiveCfg = Debug|Any CPU
		{72398240-FF79-4178-BF68-E8A28F77A612}.Debug|Any CPU.Build.0 = Debug|Any CPU
		{72398240-FF79-4178-BF68-E8A28F77A612}.Release|Any CPU.ActiveCfg = Release|Any CPU
		{72398240-FF79-4178-BF68-E8A28F77A612}.Release|Any CPU.Build.0 = Release|Any CPU
	EndGlobalSection
	GlobalSection(SolutionProperties) = preSolution
		HideSolutionNode = FALSE
	EndGlobalSection
EndGlobal
